
Microsoft Visual Studio Solution File, Format Version 12.00
# Visual Studio Version 17
VisualStudioVersion = 17.0.31903.59
MinimumVisualStudioVersion = 10.0.40219.1
Project("{FAE04EC0-301F-11D3-BF4B-00C04F79EFBC}") = "BLL", "BLL\BLL.csproj", "{D480A78B-F3A7-44CA-ACAD-5907D9711560}"
EndProject
Project("{FAE04EC0-301F-11D3-BF4B-00C04F79EFBC}") = "BOL", "BOL\BOL.csproj", "{CD5143A2-A807-4242-9797-B875CB97C9E8}"
EndProject
Project("{FAE04EC0-301F-11D3-BF4B-00C04F79EFBC}") = "DAL", "DAL\DAL.csproj", "{8302B4A2-D148-4BB8-B2EE-06BC7516D35E}"
EndProject
Project("{FAE04EC0-301F-11D3-BF4B-00C04F79EFBC}") = "Portal", "Portal\Portal.csproj", "{A8CF7A7B-A65A-490B-AF39-86D61CBB9BA6}"
EndProject
Global
	GlobalSection(SolutionConfigurationPlatforms) = preSolution
		Debug|Any CPU = Debug|Any CPU
		Release|Any CPU = Release|Any CPU
	EndGlobalSection
	GlobalSection(SolutionProperties) = preSolution
		HideSolutionNode = FALSE
	EndGlobalSection
	GlobalSection(ProjectConfigurationPlatforms) = postSolution
		{D480A78B-F3A7-44CA-ACAD-5907D9711560}.Debug|Any CPU.ActiveCfg = Debug|Any CPU
		{D480A78B-F3A7-44CA-ACAD-5907D9711560}.Debug|Any CPU.Build.0 = Debug|Any CPU
		{D480A78B-F3A7-44CA-ACAD-5907D9711560}.Release|Any CPU.ActiveCfg = Release|Any CPU
		{D480A78B-F3A7-44CA-ACAD-5907D9711560}.Release|Any CPU.Build.0 = Release|Any CPU
		{CD5143A2-A807-4242-9797-B875CB97C9E8}.Debug|Any CPU.ActiveCfg = Debug|Any CPU
		{CD5143A2-A807-4242-9797-B875CB97C9E8}.Debug|Any CPU.Build.0 = Debug|Any CPU
		{CD5143A2-A807-4242-9797-B875CB97C9E8}.Release|Any CPU.ActiveCfg = Release|Any CPU
		{CD5143A2-A807-4242-9797-B875CB97C9E8}.Release|Any CPU.Build.0 = Release|Any CPU
		{8302B4A2-D148-4BB8-B2EE-06BC7516D35E}.Debug|Any CPU.ActiveCfg = Debug|Any CPU
		{8302B4A2-D148-4BB8-B2EE-06BC7516D35E}.Debug|Any CPU.Build.0 = Debug|Any CPU
		{8302B4A2-D148-4BB8-B2EE-06BC7516D35E}.Release|Any CPU.ActiveCfg = Release|Any CPU
		{8302B4A2-D148-4BB8-B2EE-06BC7516D35E}.Release|Any CPU.Build.0 = Release|Any CPU
		{A8CF7A7B-A65A-490B-AF39-86D61CBB9BA6}.Debug|Any CPU.ActiveCfg = Debug|Any CPU
		{A8CF7A7B-A65A-490B-AF39-86D61CBB9BA6}.Debug|Any CPU.Build.0 = Debug|Any CPU
		{A8CF7A7B-A65A-490B-AF39-86D61CBB9BA6}.Release|Any CPU.ActiveCfg = Release|Any CPU
		{A8CF7A7B-A65A-490B-AF39-86D61CBB9BA6}.Release|Any CPU.Build.0 = Release|Any CPU
	EndGlobalSection
EndGlobal
